
Microsoft Visual Studio Solution File, Format Version 12.00
# Visual Studio Version 16
VisualStudioVersion = 16.0.31313.79
MinimumVisualStudioVersion = 10.0.40219.1
Project("{FAE04EC0-301F-11D3-BF4B-00C04F79EFBC}") = "SpaUserControl.Domain", "SpaUserControl.Domain\SpaUserControl.Domain.csproj", "{5F32D52B-71BF-4E81-8108-FED2B2665CC3}"
EndProject
Project("{FAE04EC0-301F-11D3-BF4B-00C04F79EFBC}") = "SpaUserControl.Common", "SpaUserControl.Common\SpaUserControl.Common.csproj", "{C372AEF0-20BE-4F9C-BE98-6A5F0BD8BF3E}"
EndProject
Global
	GlobalSection(SolutionConfigurationPlatforms) = preSolution
		Debug|Any CPU = Debug|Any CPU
		Release|Any CPU = Release|Any CPU
	EndGlobalSection
	GlobalSection(ProjectConfigurationPlatforms) = postSolution
		{5F32D52B-71BF-4E81-8108-FED2B2665CC3}.Debug|Any CPU.ActiveCfg = Debug|Any CPU
		{5F32D52B-71BF-4E81-8108-FED2B2665CC3}.Debug|Any CPU.Build.0 = Debug|Any CPU
		{5F32D52B-71BF-4E81-8108-FED2B2665CC3}.Release|Any CPU.ActiveCfg = Release|Any CPU
		{5F32D52B-71BF-4E81-8108-FED2B2665CC3}.Release|Any CPU.Build.0 = Release|Any CPU
		{C372AEF0-20BE-4F9C-BE98-6A5F0BD8BF3E}.Debug|Any CPU.ActiveCfg = Debug|Any CPU
		{C372AEF0-20BE-4F9C-BE98-6A5F0BD8BF3E}.Debug|Any CPU.Build.0 = Debug|Any CPU
		{C372AEF0-20BE-4F9C-BE98-6A5F0BD8BF3E}.Release|Any CPU.ActiveCfg = Release|Any CPU
		{C372AEF0-20BE-4F9C-BE98-6A5F0BD8BF3E}.Release|Any CPU.Build.0 = Release|Any CPU
	EndGlobalSection
	GlobalSection(SolutionProperties) = preSolution
		HideSolutionNode = FALSE
	EndGlobalSection
	GlobalSection(ExtensibilityGlobals) = postSolution
		SolutionGuid = {46974590-CD24-4A7A-8DD1-96CD05DBF11A}
	EndGlobalSection
EndGlobal
