
Microsoft Visual Studio Solution File, Format Version 12.00
# Visual Studio Version 16
VisualStudioVersion = 16.0.31313.79
MinimumVisualStudioVersion = 10.0.40219.1
Project("{9A19103F-16F7-4668-BE54-9A1E7A4F7556}") = "SpaUserControl.Domain", "SpaUserControl.Domain\SpaUserControl.Domain.csproj", "{5F32D52B-71BF-4E81-8108-FED2B2665CC3}"
EndProject
Project("{9A19103F-16F7-4668-BE54-9A1E7A4F7556}") = "SpaUserControl.Common", "SpaUserControl.Common\SpaUserControl.Common.csproj", "{C372AEF0-20BE-4F9C-BE98-6A5F0BD8BF3E}"
EndProject
Project("{9A19103F-16F7-4668-BE54-9A1E7A4F7556}") = "SpaUserControl.Infraestructure", "SpaUserControl.Infraestructure\SpaUserControl.Infraestructure.csproj", "{602D1758-5E5E-4823-832E-A6F852387441}"
EndProject
Project("{9A19103F-16F7-4668-BE54-9A1E7A4F7556}") = "ConsoleApp1", "ConsoleApp1\ConsoleApp1.csproj", "{74DED1D9-3C64-4E1F-985D-3CAE92CF612A}"
EndProject
Project("{9A19103F-16F7-4668-BE54-9A1E7A4F7556}") = "SpaUserControl.Startup", "SpaUserControl.Startup\SpaUserControl.Startup.csproj", "{30C9BB85-D5DF-4B9B-B780-DB026CA3B765}"
EndProject
Project("{9A19103F-16F7-4668-BE54-9A1E7A4F7556}") = "SpaUserControl.Business", "SpaUserControl.Business\SpaUserControl.Business.csproj", "{716383F2-9F39-43D6-844F-1DAED6417E64}"
EndProject
Project("{FAE04EC0-301F-11D3-BF4B-00C04F79EFBC}") = "SpaUserControl.Api", "SpaUserControl.Api\SpaUserControl.Api.csproj", "{EA151148-5744-473F-901B-8FE4A654C471}"
EndProject
Global
	GlobalSection(SolutionConfigurationPlatforms) = preSolution
		Debug|Any CPU = Debug|Any CPU
		Release|Any CPU = Release|Any CPU
	EndGlobalSection
	GlobalSection(ProjectConfigurationPlatforms) = postSolution
		{5F32D52B-71BF-4E81-8108-FED2B2665CC3}.Debug|Any CPU.ActiveCfg = Debug|Any CPU
		{5F32D52B-71BF-4E81-8108-FED2B2665CC3}.Debug|Any CPU.Build.0 = Debug|Any CPU
		{5F32D52B-71BF-4E81-8108-FED2B2665CC3}.Release|Any CPU.ActiveCfg = Release|Any CPU
		{5F32D52B-71BF-4E81-8108-FED2B2665CC3}.Release|Any CPU.Build.0 = Release|Any CPU
		{C372AEF0-20BE-4F9C-BE98-6A5F0BD8BF3E}.Debug|Any CPU.ActiveCfg = Debug|Any CPU
		{C372AEF0-20BE-4F9C-BE98-6A5F0BD8BF3E}.Debug|Any CPU.Build.0 = Debug|Any CPU
		{C372AEF0-20BE-4F9C-BE98-6A5F0BD8BF3E}.Release|Any CPU.ActiveCfg = Release|Any CPU
		{C372AEF0-20BE-4F9C-BE98-6A5F0BD8BF3E}.Release|Any CPU.Build.0 = Release|Any CPU
		{602D1758-5E5E-4823-832E-A6F852387441}.Debug|Any CPU.ActiveCfg = Debug|Any CPU
		{602D1758-5E5E-4823-832E-A6F852387441}.Debug|Any CPU.Build.0 = Debug|Any CPU
		{602D1758-5E5E-4823-832E-A6F852387441}.Release|Any CPU.ActiveCfg = Release|Any CPU
		{602D1758-5E5E-4823-832E-A6F852387441}.Release|Any CPU.Build.0 = Release|Any CPU
		{74DED1D9-3C64-4E1F-985D-3CAE92CF612A}.Debug|Any CPU.ActiveCfg = Debug|Any CPU
		{74DED1D9-3C64-4E1F-985D-3CAE92CF612A}.Debug|Any CPU.Build.0 = Debug|Any CPU
		{74DED1D9-3C64-4E1F-985D-3CAE92CF612A}.Release|Any CPU.ActiveCfg = Release|Any CPU
		{74DED1D9-3C64-4E1F-985D-3CAE92CF612A}.Release|Any CPU.Build.0 = Release|Any CPU
		{30C9BB85-D5DF-4B9B-B780-DB026CA3B765}.Debug|Any CPU.ActiveCfg = Debug|Any CPU
		{30C9BB85-D5DF-4B9B-B780-DB026CA3B765}.Debug|Any CPU.Build.0 = Debug|Any CPU
		{30C9BB85-D5DF-4B9B-B780-DB026CA3B765}.Release|Any CPU.ActiveCfg = Release|Any CPU
		{30C9BB85-D5DF-4B9B-B780-DB026CA3B765}.Release|Any CPU.Build.0 = Release|Any CPU
		{716383F2-9F39-43D6-844F-1DAED6417E64}.Debug|Any CPU.ActiveCfg = Debug|Any CPU
		{716383F2-9F39-43D6-844F-1DAED6417E64}.Debug|Any CPU.Build.0 = Debug|Any CPU
		{716383F2-9F39-43D6-844F-1DAED6417E64}.Release|Any CPU.ActiveCfg = Release|Any CPU
		{716383F2-9F39-43D6-844F-1DAED6417E64}.Release|Any CPU.Build.0 = Release|Any CPU
		{EA151148-5744-473F-901B-8FE4A654C471}.Debug|Any CPU.ActiveCfg = Debug|Any CPU
		{EA151148-5744-473F-901B-8FE4A654C471}.Debug|Any CPU.Build.0 = Debug|Any CPU
		{EA151148-5744-473F-901B-8FE4A654C471}.Release|Any CPU.ActiveCfg = Release|Any CPU
		{EA151148-5744-473F-901B-8FE4A654C471}.Release|Any CPU.Build.0 = Release|Any CPU
	EndGlobalSection
	GlobalSection(SolutionProperties) = preSolution
		HideSolutionNode = FALSE
	EndGlobalSection
	GlobalSection(ExtensibilityGlobals) = postSolution
		SolutionGuid = {46974590-CD24-4A7A-8DD1-96CD05DBF11A}
	EndGlobalSection
EndGlobal
