
Microsoft Visual Studio Solution File, Format Version 12.00
# Visual Studio Version 16
VisualStudioVersion = 16.0.31313.79
MinimumVisualStudioVersion = 10.0.40219.1
Project("{9A19103F-16F7-4668-BE54-9A1E7A4F7556}") = "ModernStore.Domain", "ModernStore.Domain\ModernStore.Domain.csproj", "{16F67686-4867-426F-9369-00F532025CB6}"
EndProject
Project("{FAE04EC0-301F-11D3-BF4B-00C04F79EFBC}") = "ModernStore.ConsoleApp", "ModernStore.ConsoleApp\ModernStore.ConsoleApp.csproj", "{AE2AC8FA-D390-41C3-A544-734AB6DD3E21}"
EndProject
Project("{FAE04EC0-301F-11D3-BF4B-00C04F79EFBC}") = "ModernStore.Shared", "ModernStore.Shared\ModernStore.Shared.csproj", "{0AEFA61D-A14B-40D1-833D-EB17EBEE7BDB}"
EndProject
Project("{FAE04EC0-301F-11D3-BF4B-00C04F79EFBC}") = "ModernStore.Domain.Tests", "ModernStore.Domain.Tests\ModernStore.Domain.Tests.csproj", "{AC369292-479E-46E2-A1B8-EAFCF49A0B88}"
EndProject
Global
	GlobalSection(SolutionConfigurationPlatforms) = preSolution
		Debug|Any CPU = Debug|Any CPU
		Release|Any CPU = Release|Any CPU
	EndGlobalSection
	GlobalSection(ProjectConfigurationPlatforms) = postSolution
		{16F67686-4867-426F-9369-00F532025CB6}.Debug|Any CPU.ActiveCfg = Debug|Any CPU
		{16F67686-4867-426F-9369-00F532025CB6}.Debug|Any CPU.Build.0 = Debug|Any CPU
		{16F67686-4867-426F-9369-00F532025CB6}.Release|Any CPU.ActiveCfg = Release|Any CPU
		{16F67686-4867-426F-9369-00F532025CB6}.Release|Any CPU.Build.0 = Release|Any CPU
		{AE2AC8FA-D390-41C3-A544-734AB6DD3E21}.Debug|Any CPU.ActiveCfg = Debug|Any CPU
		{AE2AC8FA-D390-41C3-A544-734AB6DD3E21}.Debug|Any CPU.Build.0 = Debug|Any CPU
		{AE2AC8FA-D390-41C3-A544-734AB6DD3E21}.Release|Any CPU.ActiveCfg = Release|Any CPU
		{AE2AC8FA-D390-41C3-A544-734AB6DD3E21}.Release|Any CPU.Build.0 = Release|Any CPU
		{0AEFA61D-A14B-40D1-833D-EB17EBEE7BDB}.Debug|Any CPU.ActiveCfg = Debug|Any CPU
		{0AEFA61D-A14B-40D1-833D-EB17EBEE7BDB}.Debug|Any CPU.Build.0 = Debug|Any CPU
		{0AEFA61D-A14B-40D1-833D-EB17EBEE7BDB}.Release|Any CPU.ActiveCfg = Release|Any CPU
		{0AEFA61D-A14B-40D1-833D-EB17EBEE7BDB}.Release|Any CPU.Build.0 = Release|Any CPU
		{AC369292-479E-46E2-A1B8-EAFCF49A0B88}.Debug|Any CPU.ActiveCfg = Debug|Any CPU
		{AC369292-479E-46E2-A1B8-EAFCF49A0B88}.Debug|Any CPU.Build.0 = Debug|Any CPU
		{AC369292-479E-46E2-A1B8-EAFCF49A0B88}.Release|Any CPU.ActiveCfg = Release|Any CPU
		{AC369292-479E-46E2-A1B8-EAFCF49A0B88}.Release|Any CPU.Build.0 = Release|Any CPU
	EndGlobalSection
	GlobalSection(SolutionProperties) = preSolution
		HideSolutionNode = FALSE
	EndGlobalSection
	GlobalSection(ExtensibilityGlobals) = postSolution
		SolutionGuid = {E8146F40-13CF-468F-9544-8FB7E2EC5D29}
	EndGlobalSection
EndGlobal
